github.com/google/uuid v1.6.0 h1:NIvaJDMOsjHA8n1jAhLSgzrAzy1Hgr+hNrb57e+94F0=
github.com/google/uuid v1.6.0/go.mod h1:TIyPZe4MgqvfeYDBFedMoGGpEw/LqOeaOT+nhxU+yHo=
github.com/maxence-charriere/go-app/v11 v11.0.1 h1:E+HsuRL2ex3QHn/gN+CGMLUlLjdJ4ncyF3/uD0UzpHw=
github.com/maxence-charriere/go-app/v11 v11.0.1/go.mod h1:03mGNjBIo1LJq9VGPxOcmBFAv/sNL2GIF5LxCV3BRgA=
github.com/yuin/goldmark v1.8.2 h1:kEGpgqJXdgbkhcOgBxkC0X0PmoPG1ZyoZ117rDVp4zE=
github.com/yuin/goldmark v1.8.2/go.mod h1:ip/1k0VRfGynBgxOz0yCqHrbZXhcjxyuS66Brc7iBKg=
